
Microsoft Visual Studio Solution File, Format Version 12.00
# Visual Studio 15
VisualStudioVersion = 15.0.28010.2036
MinimumVisualStudioVersion = 10.0.40219.1
Project("{FAE04EC0-301F-11D3-BF4B-00C04F79EFBC}") = "VehicleManagementNew", "VehicleManagementNew\VehicleManagementNew.csproj", "{8BACDA49-E0B2-4074-84F8-9CE7C7BFAB80}"
EndProject
Global
	GlobalSection(SolutionConfigurationPlatforms) = preSolution
		Debug|Any CPU = Debug|Any CPU
		Release|Any CPU = Release|Any CPU
	EndGlobalSection
	GlobalSection(ProjectConfigurationPlatforms) = postSolution
		{8BACDA49-E0B2-4074-84F8-9CE7C7BFAB80}.Debug|Any CPU.ActiveCfg = Debug|Any CPU
		{8BACDA49-E0B2-4074-84F8-9CE7C7BFAB80}.Debug|Any CPU.Build.0 = Debug|Any CPU
		{8BACDA49-E0B2-4074-84F8-9CE7C7BFAB80}.Release|Any CPU.ActiveCfg = Release|Any CPU
		{8BACDA49-E0B2-4074-84F8-9CE7C7BFAB80}.Release|Any CPU.Build.0 = Release|Any CPU
	EndGlobalSection
	GlobalSection(SolutionProperties) = preSolution
		HideSolutionNode = FALSE
	EndGlobalSection
	GlobalSection(ExtensibilityGlobals) = postSolution
		SolutionGuid = {3BBCBA26-F6B5-41C5-B990-01F9356E806A}
	EndGlobalSection
EndGlobal
